
Microsoft Visual Studio Solution File, Format Version 12.00
# Visual Studio Version 17
VisualStudioVersion = 17.3.32825.248
MinimumVisualStudioVersion = 10.0.40219.1
Project("{FAE04EC0-301F-11D3-BF4B-00C04F79EFBC}") = "Chess", "Chess\Chess.csproj", "{DF330D0E-508B-4D42-98D7-60720D91E0DB}"
EndProject
Global
	GlobalSection(SolutionConfigurationPlatforms) = preSolution
		Debug|Any CPU = Debug|Any CPU
		Release|Any CPU = Release|Any CPU
	EndGlobalSection
	GlobalSection(ProjectConfigurationPlatforms) = postSolution
		{DF330D0E-508B-4D42-98D7-60720D91E0DB}.Debug|Any CPU.ActiveCfg = Debug|Any CPU
		{DF330D0E-508B-4D42-98D7-60720D91E0DB}.Debug|Any CPU.Build.0 = Debug|Any CPU
		{DF330D0E-508B-4D42-98D7-60720D91E0DB}.Release|Any CPU.ActiveCfg = Release|Any CPU
		{DF330D0E-508B-4D42-98D7-60720D91E0DB}.Release|Any CPU.Build.0 = Release|Any CPU
	EndGlobalSection
	GlobalSection(SolutionProperties) = preSolution
		HideSolutionNode = FALSE
	EndGlobalSection
	GlobalSection(ExtensibilityGlobals) = postSolution
		SolutionGuid = {77CA27C0-27EC-429F-BCF9-2B7F5EFB590B}
	EndGlobalSection
EndGlobal
